// !$*UTF8*$!
{
	archiveVersion = 1;
	classes = {
	};
	objectVersion = 51;
	objects = {

/* Begin PBXBuildFile section */
		1F19583720FEEF6F001DFA65 /* iPods.swift in Sources */ = {isa = PBXBuildFile; fileRef = 1F19583620FEEF6F001DFA65 /* iPods.swift */; };
		1F19583920FEEF7A001DFA65 /* iPods.swift.gyb in Resources */ = {isa = PBXBuildFile; fileRef = 1F19583820FEEF7A001DFA65 /* iPods.swift.gyb */; };
		1F521F8E20FD885700E99897 /* iPads.swift in Sources */ = {isa = PBXBuildFile; fileRef = 1F521F8D20FD885700E99897 /* iPads.swift */; };
		1F9B8A9420FD85790039D518 /* Orchard.framework in Frameworks */ = {isa = PBXBuildFile; fileRef = 1F9B8A8A20FD85790039D518 /* Orchard.framework */; };
		1F9B8A9920FD85790039D518 /* OrchardTests.swift in Sources */ = {isa = PBXBuildFile; fileRef = 1F9B8A9820FD85790039D518 /* OrchardTests.swift */; };
		1F9B8A9B20FD85790039D518 /* Orchard.h in Headers */ = {isa = PBXBuildFile; fileRef = 1F9B8A8D20FD85790039D518 /* Orchard.h */; settings = {ATTRIBUTES = (Public, ); }; };
		1F9B8AA320FD85B10039D518 /* iPhones.swift in Sources */ = {isa = PBXBuildFile; fileRef = 1F9B8AA220FD85B10039D518 /* iPhones.swift */; };
		1FD67D7420FE3421008E8C8A /* OrchardiOSDevice.h in Headers */ = {isa = PBXBuildFile; fileRef = 1FD67D7220FE3421008E8C8A /* OrchardiOSDevice.h */; settings = {ATTRIBUTES = (Public, ); }; };
		1FD67D7520FE3421008E8C8A /* OrchardiOSDevice.m in Sources */ = {isa = PBXBuildFile; fileRef = 1FD67D7320FE3421008E8C8A /* OrchardiOSDevice.m */; };
		1FD67D7A20FE55DF008E8C8A /* NSString+OrchardUtilities.h in Headers */ = {isa = PBXBuildFile; fileRef = 1FD67D7820FE55DF008E8C8A /* NSString+OrchardUtilities.h */; };
		1FD67D7B20FE55DF008E8C8A /* NSString+OrchardUtilities.m in Sources */ = {isa = PBXBuildFile; fileRef = 1FD67D7920FE55DF008E8C8A /* NSString+OrchardUtilities.m */; };
/* End PBXBuildFile section */

/* Begin PBXContainerItemProxy section */
		1F9B8A9520FD85790039D518 /* PBXContainerItemProxy */ = {
			isa = PBXContainerItemProxy;
			containerPortal = 1F9B8A4920FD80600039D518 /* Project object */;
			proxyType = 1;
			remoteGlobalIDString = 1F9B8A8920FD85790039D518;
			remoteInfo = Orchard;
		};
/* End PBXContainerItemProxy section */

/* Begin PBXFileReference section */
		1F19583420FEED73001DFA65 /* iPods.tsv */ = {isa = PBXFileReference; lastKnownFileType = text; path = iPods.tsv; sourceTree = "<group>"; usesTabs = 1; };
		1F19583620FEEF6F001DFA65 /* iPods.swift */ = {isa = PBXFileReference; lastKnownFileType = sourcecode.swift; path = iPods.swift; sourceTree = "<group>"; };
		1F19583820FEEF7A001DFA65 /* iPods.swift.gyb */ = {isa = PBXFileReference; lastKnownFileType = text; path = iPods.swift.gyb; sourceTree = "<group>"; };
		1F19583B20FEF082001DFA65 /* InputFiles.xcfilelist */ = {isa = PBXFileReference; lastKnownFileType = text.xcfilelist; path = InputFiles.xcfilelist; sourceTree = "<group>"; };
		1F19583C20FEF0E0001DFA65 /* OutputFiles.xcfilelist */ = {isa = PBXFileReference; lastKnownFileType = text.xcfilelist; path = OutputFiles.xcfilelist; sourceTree = "<group>"; };
		1F4FE72520FD95B700A6BC4F /* iPhones.tsv */ = {isa = PBXFileReference; lastKnownFileType = text; path = iPhones.tsv; sourceTree = "<group>"; usesTabs = 1; };
		1F521F8D20FD885700E99897 /* iPads.swift */ = {isa = PBXFileReference; lastKnownFileType = sourcecode.swift; path = iPads.swift; sourceTree = "<group>"; };
		1F521F8F20FD886700E99897 /* iPads.swift.gyb */ = {isa = PBXFileReference; lastKnownFileType = text; path = iPads.swift.gyb; sourceTree = "<group>"; };
		1F9B8A8A20FD85790039D518 /* Orchard.framework */ = {isa = PBXFileReference; explicitFileType = wrapper.framework; includeInIndex = 0; path = Orchard.framework; sourceTree = BUILT_PRODUCTS_DIR; };
		1F9B8A8D20FD85790039D518 /* Orchard.h */ = {isa = PBXFileReference; lastKnownFileType = sourcecode.c.h; path = Orchard.h; sourceTree = "<group>"; };
		1F9B8A8E20FD85790039D518 /* Info.plist */ = {isa = PBXFileReference; lastKnownFileType = text.plist.xml; path = Info.plist; sourceTree = "<group>"; };
		1F9B8A9320FD85790039D518 /* OrchardTests.xctest */ = {isa = PBXFileReference; explicitFileType = wrapper.cfbundle; includeInIndex = 0; path = OrchardTests.xctest; sourceTree = BUILT_PRODUCTS_DIR; };
		1F9B8A9820FD85790039D518 /* OrchardTests.swift */ = {isa = PBXFileReference; lastKnownFileType = sourcecode.swift; path = OrchardTests.swift; sourceTree = "<group>"; };
		1F9B8A9A20FD85790039D518 /* Info.plist */ = {isa = PBXFileReference; lastKnownFileType = text.plist.xml; path = Info.plist; sourceTree = "<group>"; };
		1F9B8AA220FD85B10039D518 /* iPhones.swift */ = {isa = PBXFileReference; lastKnownFileType = sourcecode.swift; path = iPhones.swift; sourceTree = "<group>"; };
		1F9B8AA420FD85C40039D518 /* iPhones.swift.gyb */ = {isa = PBXFileReference; lastKnownFileType = text; path = iPhones.swift.gyb; sourceTree = "<group>"; };
		1F9B8AA820FD860B0039D518 /* gyb.py */ = {isa = PBXFileReference; lastKnownFileType = text.script.python; path = gyb.py; sourceTree = "<group>"; };
		1F9B8AA920FD860B0039D518 /* gyb */ = {isa = PBXFileReference; lastKnownFileType = text; path = gyb; sourceTree = "<group>"; };
		1FD67D7120FE2F43008E8C8A /* iPads.tsv */ = {isa = PBXFileReference; lastKnownFileType = text; path = iPads.tsv; sourceTree = "<group>"; usesTabs = 1; };
		1FD67D7220FE3421008E8C8A /* OrchardiOSDevice.h */ = {isa = PBXFileReference; lastKnownFileType = sourcecode.c.h; path = OrchardiOSDevice.h; sourceTree = "<group>"; };
		1FD67D7320FE3421008E8C8A /* OrchardiOSDevice.m */ = {isa = PBXFileReference; lastKnownFileType = sourcecode.c.objc; path = OrchardiOSDevice.m; sourceTree = "<group>"; };
		1FD67D7620FE3436008E8C8A /* OrchardiOSDevice.h.gyb */ = {isa = PBXFileReference; lastKnownFileType = text; path = OrchardiOSDevice.h.gyb; sourceTree = "<group>"; };
		1FD67D7720FE3A0D008E8C8A /* OrchardiOSDevice.m.gyb */ = {isa = PBXFileReference; lastKnownFileType = text; path = OrchardiOSDevice.m.gyb; sourceTree = "<group>"; };
		1FD67D7820FE55DF008E8C8A /* NSString+OrchardUtilities.h */ = {isa = PBXFileReference; lastKnownFileType = sourcecode.c.h; path = "NSString+OrchardUtilities.h"; sourceTree = "<group>"; };
		1FD67D7920FE55DF008E8C8A /* NSString+OrchardUtilities.m */ = {isa = PBXFileReference; lastKnownFileType = sourcecode.c.objc; path = "NSString+OrchardUtilities.m"; sourceTree = "<group>"; };
		1FD67D7C20FE66F0008E8C8A /* GYBUtilities.py */ = {isa = PBXFileReference; lastKnownFileType = text.script.python; path = GYBUtilities.py; sourceTree = "<group>"; usesTabs = 1; };
/* End PBXFileReference section */

/* Begin PBXFrameworksBuildPhase section */
		1F9B8A8720FD85790039D518 /* Frameworks */ = {
			isa = PBXFrameworksBuildPhase;
			buildActionMask = 2147483647;
			files = (
			);
			runOnlyForDeploymentPostprocessing = 0;
		};
		1F9B8A9020FD85790039D518 /* Frameworks */ = {
			isa = PBXFrameworksBuildPhase;
			buildActionMask = 2147483647;
			files = (
				1F9B8A9420FD85790039D518 /* Orchard.framework in Frameworks */,
			);
			runOnlyForDeploymentPostprocessing = 0;
		};
/* End PBXFrameworksBuildPhase section */

/* Begin PBXGroup section */
		1F19583A20FEF02F001DFA65 /* Data */ = {
			isa = PBXGroup;
			children = (
				1F4FE72520FD95B700A6BC4F /* iPhones.tsv */,
				1FD67D7120FE2F43008E8C8A /* iPads.tsv */,
				1F19583420FEED73001DFA65 /* iPods.tsv */,
				1F19583B20FEF082001DFA65 /* InputFiles.xcfilelist */,
				1F19583C20FEF0E0001DFA65 /* OutputFiles.xcfilelist */,
			);
			path = Data;
			sourceTree = "<group>";
		};
		1F9B8A4820FD80600039D518 = {
			isa = PBXGroup;
			children = (
				1F19583A20FEF02F001DFA65 /* Data */,
				1F9B8AA620FD860B0039D518 /* Vendor */,
				1F9B8A8C20FD85790039D518 /* Orchard */,
				1F9B8A9720FD85790039D518 /* OrchardTests */,
				1F9B8A8B20FD85790039D518 /* Products */,
			);
			sourceTree = "<group>";
		};
		1F9B8A8B20FD85790039D518 /* Products */ = {
			isa = PBXGroup;
			children = (
				1F9B8A8A20FD85790039D518 /* Orchard.framework */,
				1F9B8A9320FD85790039D518 /* OrchardTests.xctest */,
			);
			name = Products;
			sourceTree = "<group>";
		};
		1F9B8A8C20FD85790039D518 /* Orchard */ = {
			isa = PBXGroup;
			children = (
				1F9B8A8D20FD85790039D518 /* Orchard.h */,
				1F9B8A8E20FD85790039D518 /* Info.plist */,
				1F9B8AA220FD85B10039D518 /* iPhones.swift */,
				1F9B8AA420FD85C40039D518 /* iPhones.swift.gyb */,
				1F521F8D20FD885700E99897 /* iPads.swift */,
				1F521F8F20FD886700E99897 /* iPads.swift.gyb */,
				1F19583620FEEF6F001DFA65 /* iPods.swift */,
				1F19583820FEEF7A001DFA65 /* iPods.swift.gyb */,
				1FD67D7220FE3421008E8C8A /* OrchardiOSDevice.h */,
				1FD67D7620FE3436008E8C8A /* OrchardiOSDevice.h.gyb */,
				1FD67D7320FE3421008E8C8A /* OrchardiOSDevice.m */,
				1FD67D7720FE3A0D008E8C8A /* OrchardiOSDevice.m.gyb */,
				1FD67D7820FE55DF008E8C8A /* NSString+OrchardUtilities.h */,
				1FD67D7920FE55DF008E8C8A /* NSString+OrchardUtilities.m */,
				1FD67D7C20FE66F0008E8C8A /* GYBUtilities.py */,
			);
			path = Orchard;
			sourceTree = "<group>";
		};
		1F9B8A9720FD85790039D518 /* OrchardTests */ = {
			isa = PBXGroup;
			children = (
				1F9B8A9820FD85790039D518 /* OrchardTests.swift */,
				1F9B8A9A20FD85790039D518 /* Info.plist */,
			);
			path = OrchardTests;
			sourceTree = "<group>";
		};
		1F9B8AA620FD860B0039D518 /* Vendor */ = {
			isa = PBXGroup;
			children = (
				1F9B8AA720FD860B0039D518 /* gyb */,
			);
			path = Vendor;
			sourceTree = "<group>";
		};
		1F9B8AA720FD860B0039D518 /* gyb */ = {
			isa = PBXGroup;
			children = (
				1F9B8AA820FD860B0039D518 /* gyb.py */,
				1F9B8AA920FD860B0039D518 /* gyb */,
			);
			path = gyb;
			sourceTree = "<group>";
		};
/* End PBXGroup section */

/* Begin PBXHeadersBuildPhase section */
		1F9B8A8520FD85790039D518 /* Headers */ = {
			isa = PBXHeadersBuildPhase;
			buildActionMask = 2147483647;
			files = (
				1F9B8A9B20FD85790039D518 /* Orchard.h in Headers */,
				1FD67D7A20FE55DF008E8C8A /* NSString+OrchardUtilities.h in Headers */,
				1FD67D7420FE3421008E8C8A /* OrchardiOSDevice.h in Headers */,
			);
			runOnlyForDeploymentPostprocessing = 0;
		};
/* End PBXHeadersBuildPhase section */

/* Begin PBXNativeTarget section */
		1F9B8A8920FD85790039D518 /* Orchard */ = {
			isa = PBXNativeTarget;
			buildConfigurationList = 1F9B8AA020FD857A0039D518 /* Build configuration list for PBXNativeTarget "Orchard" */;
			buildPhases = (
				1F9B8AAC20FD86620039D518 /* GYB */,
				1F9B8A8520FD85790039D518 /* Headers */,
				1F9B8A8820FD85790039D518 /* Resources */,
				1F9B8A8620FD85790039D518 /* Sources */,
				1F9B8A8720FD85790039D518 /* Frameworks */,
			);
			buildRules = (
			);
			dependencies = (
			);
			name = Orchard;
			productName = Orchard;
			productReference = 1F9B8A8A20FD85790039D518 /* Orchard.framework */;
			productType = "com.apple.product-type.framework";
		};
		1F9B8A9220FD85790039D518 /* OrchardTests */ = {
			isa = PBXNativeTarget;
			buildConfigurationList = 1F9B8AA120FD857A0039D518 /* Build configuration list for PBXNativeTarget "OrchardTests" */;
			buildPhases = (
				1F9B8A8F20FD85790039D518 /* Sources */,
				1F9B8A9020FD85790039D518 /* Frameworks */,
				1F9B8A9120FD85790039D518 /* Resources */,
			);
			buildRules = (
			);
			dependencies = (
				1F9B8A9620FD85790039D518 /* PBXTargetDependency */,
			);
			name = OrchardTests;
			productName = OrchardTests;
			productReference = 1F9B8A9320FD85790039D518 /* OrchardTests.xctest */;
			productType = "com.apple.product-type.bundle.unit-test";
		};
/* End PBXNativeTarget section */

/* Begin PBXProject section */
		1F9B8A4920FD80600039D518 /* Project object */ = {
			isa = PBXProject;
			attributes = {
				LastSwiftUpdateCheck = 1000;
				LastUpgradeCheck = 1000;
				TargetAttributes = {
					1F9B8A8920FD85790039D518 = {
						CreatedOnToolsVersion = 10.0;
						LastSwiftMigration = 1000;
					};
					1F9B8A9220FD85790039D518 = {
						CreatedOnToolsVersion = 10.0;
					};
				};
			};
			buildConfigurationList = 1F9B8A4C20FD80600039D518 /* Build configuration list for PBXProject "Orchard" */;
			compatibilityVersion = "Xcode 9.3";
			developmentRegion = en;
			hasScannedForEncodings = 0;
			knownRegions = (
				en,
			);
			mainGroup = 1F9B8A4820FD80600039D518;
			productRefGroup = 1F9B8A8B20FD85790039D518 /* Products */;
			projectDirPath = "";
			projectRoot = "";
			targets = (
				1F9B8A8920FD85790039D518 /* Orchard */,
				1F9B8A9220FD85790039D518 /* OrchardTests */,
			);
		};
/* End PBXProject section */

/* Begin PBXResourcesBuildPhase section */
		1F9B8A8820FD85790039D518 /* Resources */ = {
			isa = PBXResourcesBuildPhase;
			buildActionMask = 2147483647;
			files = (
				1F19583920FEEF7A001DFA65 /* iPods.swift.gyb in Resources */,
			);
			runOnlyForDeploymentPostprocessing = 0;
		};
		1F9B8A9120FD85790039D518 /* Resources */ = {
			isa = PBXResourcesBuildPhase;
			buildActionMask = 2147483647;
			files = (
			);
			runOnlyForDeploymentPostprocessing = 0;
		};
/* End PBXResourcesBuildPhase section */

/* Begin PBXShellScriptBuildPhase section */
		1F9B8AAC20FD86620039D518 /* GYB */ = {
			isa = PBXShellScriptBuildPhase;
			buildActionMask = 2147483647;
			files = (
			);
			inputFileListPaths = (
				"$(SRCROOT)/Data/InputFiles.xcfilelist",
			);
			inputPaths = (
			);
			name = GYB;
			outputFileListPaths = (
				"$(SRCROOT)/Data/OutputFiles.xcfilelist",
			);
			outputPaths = (
			);
			runOnlyForDeploymentPostprocessing = 0;
			shellPath = /bin/bash;
			shellScript = "GYB_PATH=\"${SRCROOT}/Vendor/gyb/gyb\"\n\nfunction gyb {\n    file=$1\n    if [ ${file: -4} == \".gyb\" ]; then\n        echo \"GYBing file:\" $file\n        \"${GYB_PATH}\" --line-directive '' -o \"${file%.gyb}\" \"$file\";\n    else\n        echo \"Skipping file\" $file \"since it's not a .gyb file\"\n    fi\n}\n\nif [ $SCRIPT_INPUT_FILE_COUNT -ne 0 ]; then\n    for i in $(seq 0 $(expr $SCRIPT_INPUT_FILE_COUNT - 1)); do\n        inputFileVar=\"SCRIPT_INPUT_FILE_${i}\"\n        inputFile=\"${!inputFileVar}\"\n        gyb $inputFile\n    done\nfi\n\nif [ $SCRIPT_INPUT_FILE_LIST_COUNT -ne 0 ]; then\n    for i in $(seq 0 $(expr $SCRIPT_INPUT_FILE_LIST_COUNT - 1)); do\n        inputFileListVar=\"SCRIPT_INPUT_FILE_LIST_${i}\"\n        inputFileList=\"${!inputFileListVar}\"\n        cat \"${inputFileList}\" | while read inputFile; do\n            gyb $inputFile\n        done\n    done\nfi\n";
		};
/* End PBXShellScriptBuildPhase section */

/* Begin PBXSourcesBuildPhase section */
		1F9B8A8620FD85790039D518 /* Sources */ = {
			isa = PBXSourcesBuildPhase;
			buildActionMask = 2147483647;
			files = (
				1FD67D7B20FE55DF008E8C8A /* NSString+OrchardUtilities.m in Sources */,
				1F19583720FEEF6F001DFA65 /* iPods.swift in Sources */,
				1FD67D7520FE3421008E8C8A /* OrchardiOSDevice.m in Sources */,
				1F9B8AA320FD85B10039D518 /* iPhones.swift in Sources */,
				1F521F8E20FD885700E99897 /* iPads.swift in Sources */,
			);
			runOnlyForDeploymentPostprocessing = 0;
		};
		1F9B8A8F20FD85790039D518 /* Sources */ = {
			isa = PBXSourcesBuildPhase;
			buildActionMask = 2147483647;
			files = (
				1F9B8A9920FD85790039D518 /* OrchardTests.swift in Sources */,
			);
			runOnlyForDeploymentPostprocessing = 0;
		};
/* End PBXSourcesBuildPhase section */

/* Begin PBXTargetDependency section */
		1F9B8A9620FD85790039D518 /* PBXTargetDependency */ = {
			isa = PBXTargetDependency;
			target = 1F9B8A8920FD85790039D518 /* Orchard */;
			targetProxy = 1F9B8A9520FD85790039D518 /* PBXContainerItemProxy */;
		};
/* End PBXTargetDependency section */

/* Begin XCBuildConfiguration section */
		1F9B8A4D20FD80600039D518 /* Debug */ = {
			isa = XCBuildConfiguration;
			buildSettings = {
			};
			name = Debug;
		};
		1F9B8A4E20FD80600039D518 /* Release */ = {
			isa = XCBuildConfiguration;
			buildSettings = {
			};
			name = Release;
		};
		1F9B8A9C20FD857A0039D518 /* Debug */ = {
			isa = XCBuildConfiguration;
			buildSettings = {
				ALWAYS_SEARCH_USER_PATHS = NO;
				CLANG_ANALYZER_NONNULL = YES;
				CLANG_ANALYZER_NUMBER_OBJECT_CONVERSION = YES_AGGRESSIVE;
				CLANG_CXX_LANGUAGE_STANDARD = "gnu++14";
				CLANG_CXX_LIBRARY = "libc++";
				CLANG_ENABLE_MODULES = YES;
				CLANG_ENABLE_OBJC_ARC = YES;
				CLANG_ENABLE_OBJC_WEAK = YES;
				CLANG_WARN_BLOCK_CAPTURE_AUTORELEASING = YES;
				CLANG_WARN_BOOL_CONVERSION = YES;
				CLANG_WARN_COMMA = YES;
				CLANG_WARN_CONSTANT_CONVERSION = YES;
				CLANG_WARN_DEPRECATED_OBJC_IMPLEMENTATIONS = YES;
				CLANG_WARN_DIRECT_OBJC_ISA_USAGE = YES_ERROR;
				CLANG_WARN_DOCUMENTATION_COMMENTS = YES;
				CLANG_WARN_EMPTY_BODY = YES;
				CLANG_WARN_ENUM_CONVERSION = YES;
				CLANG_WARN_INFINITE_RECURSION = YES;
				CLANG_WARN_INT_CONVERSION = YES;
				CLANG_WARN_NON_LITERAL_NULL_CONVERSION = YES;
				CLANG_WARN_OBJC_IMPLICIT_RETAIN_SELF = YES;
				CLANG_WARN_OBJC_LITERAL_CONVERSION = YES;
				CLANG_WARN_OBJC_ROOT_CLASS = YES_ERROR;
				CLANG_WARN_RANGE_LOOP_ANALYSIS = YES;
				CLANG_WARN_STRICT_PROTOTYPES = YES;
				CLANG_WARN_SUSPICIOUS_MOVE = YES;
				CLANG_WARN_UNGUARDED_AVAILABILITY = YES_AGGRESSIVE;
				CLANG_WARN_UNREACHABLE_CODE = YES;
				CLANG_WARN__DUPLICATE_METHOD_MATCH = YES;
				CODE_SIGN_IDENTITY = "iPhone Developer";
				CODE_SIGN_STYLE = Automatic;
				COPY_PHASE_STRIP = NO;
				CURRENT_PROJECT_VERSION = 1;
				DEBUG_INFORMATION_FORMAT = dwarf;
				DEFINES_MODULE = YES;
				DEVELOPMENT_TEAM = UCFNS9576M;
				DYLIB_COMPATIBILITY_VERSION = 1;
				DYLIB_CURRENT_VERSION = 1;
				DYLIB_INSTALL_NAME_BASE = "@rpath";
				ENABLE_STRICT_OBJC_MSGSEND = YES;
				ENABLE_TESTABILITY = YES;
				GCC_C_LANGUAGE_STANDARD = gnu11;
				GCC_DYNAMIC_NO_PIC = NO;
				GCC_NO_COMMON_BLOCKS = YES;
				GCC_OPTIMIZATION_LEVEL = 0;
				GCC_PREPROCESSOR_DEFINITIONS = (
					"DEBUG=1",
					"$(inherited)",
				);
				GCC_WARN_64_TO_32_BIT_CONVERSION = YES;
				GCC_WARN_ABOUT_RETURN_TYPE = YES_ERROR;
				GCC_WARN_UNDECLARED_SELECTOR = YES;
				GCC_WARN_UNINITIALIZED_AUTOS = YES_AGGRESSIVE;
				GCC_WARN_UNUSED_FUNCTION = YES;
				GCC_WARN_UNUSED_VARIABLE = YES;
				INFOPLIST_FILE = Orchard/Info.plist;
				INSTALL_PATH = "$(LOCAL_LIBRARY_DIR)/Frameworks";
				IPHONEOS_DEPLOYMENT_TARGET = 12.0;
				LD_RUNPATH_SEARCH_PATHS = "$(inherited) @executable_path/Frameworks @loader_path/Frameworks";
				MTL_ENABLE_DEBUG_INFO = INCLUDE_SOURCE;
				MTL_FAST_MATH = YES;
				ONLY_ACTIVE_ARCH = YES;
				PRODUCT_BUNDLE_IDENTIFIER = com.slaunchaman.Orchard;
				PRODUCT_NAME = "$(TARGET_NAME:c99extidentifier)";
				SDKROOT = iphoneos;
				SKIP_INSTALL = YES;
				SWIFT_ACTIVE_COMPILATION_CONDITIONS = DEBUG;
				SWIFT_OPTIMIZATION_LEVEL = "-Onone";
				SWIFT_VERSION = 4.2;
				TARGETED_DEVICE_FAMILY = "1,2";
				VERSIONING_SYSTEM = "apple-generic";
				VERSION_INFO_PREFIX = "";
			};
			name = Debug;
		};
		1F9B8A9D20FD857A0039D518 /* Release */ = {
			isa = XCBuildConfiguration;
			buildSettings = {
				ALWAYS_SEARCH_USER_PATHS = NO;
				CLANG_ANALYZER_NONNULL = YES;
				CLANG_ANALYZER_NUMBER_OBJECT_CONVERSION = YES_AGGRESSIVE;
				CLANG_CXX_LANGUAGE_STANDARD = "gnu++14";
				CLANG_CXX_LIBRARY = "libc++";
				CLANG_ENABLE_MODULES = YES;
				CLANG_ENABLE_OBJC_ARC = YES;
				CLANG_ENABLE_OBJC_WEAK = YES;
				CLANG_WARN_BLOCK_CAPTURE_AUTORELEASING = YES;
				CLANG_WARN_BOOL_CONVERSION = YES;
				CLANG_WARN_COMMA = YES;
				CLANG_WARN_CONSTANT_CONVERSION = YES;
				CLANG_WARN_DEPRECATED_OBJC_IMPLEMENTATIONS = YES;
				CLANG_WARN_DIRECT_OBJC_ISA_USAGE = YES_ERROR;
				CLANG_WARN_DOCUMENTATION_COMMENTS = YES;
				CLANG_WARN_EMPTY_BODY = YES;
				CLANG_WARN_ENUM_CONVERSION = YES;
				CLANG_WARN_INFINITE_RECURSION = YES;
				CLANG_WARN_INT_CONVERSION = YES;
				CLANG_WARN_NON_LITERAL_NULL_CONVERSION = YES;
				CLANG_WARN_OBJC_IMPLICIT_RETAIN_SELF = YES;
				CLANG_WARN_OBJC_LITERAL_CONVERSION = YES;
				CLANG_WARN_OBJC_ROOT_CLASS = YES_ERROR;
				CLANG_WARN_RANGE_LOOP_ANALYSIS = YES;
				CLANG_WARN_STRICT_PROTOTYPES = YES;
				CLANG_WARN_SUSPICIOUS_MOVE = YES;
				CLANG_WARN_UNGUARDED_AVAILABILITY = YES_AGGRESSIVE;
				CLANG_WARN_UNREACHABLE_CODE = YES;
				CLANG_WARN__DUPLICATE_METHOD_MATCH = YES;
				CODE_SIGN_IDENTITY = "iPhone Developer";
				CODE_SIGN_STYLE = Automatic;
				COPY_PHASE_STRIP = NO;
				CURRENT_PROJECT_VERSION = 1;
				DEBUG_INFORMATION_FORMAT = "dwarf-with-dsym";
				DEFINES_MODULE = YES;
				DEVELOPMENT_TEAM = UCFNS9576M;
				DYLIB_COMPATIBILITY_VERSION = 1;
				DYLIB_CURRENT_VERSION = 1;
				DYLIB_INSTALL_NAME_BASE = "@rpath";
				ENABLE_NS_ASSERTIONS = NO;
				ENABLE_STRICT_OBJC_MSGSEND = YES;
				GCC_C_LANGUAGE_STANDARD = gnu11;
				GCC_NO_COMMON_BLOCKS = YES;
				GCC_WARN_64_TO_32_BIT_CONVERSION = YES;
				GCC_WARN_ABOUT_RETURN_TYPE = YES_ERROR;
				GCC_WARN_UNDECLARED_SELECTOR = YES;
				GCC_WARN_UNINITIALIZED_AUTOS = YES_AGGRESSIVE;
				GCC_WARN_UNUSED_FUNCTION = YES;
				GCC_WARN_UNUSED_VARIABLE = YES;
				INFOPLIST_FILE = Orchard/Info.plist;
				INSTALL_PATH = "$(LOCAL_LIBRARY_DIR)/Frameworks";
				IPHONEOS_DEPLOYMENT_TARGET = 12.0;
				LD_RUNPATH_SEARCH_PATHS = "$(inherited) @executable_path/Frameworks @loader_path/Frameworks";
				MTL_ENABLE_DEBUG_INFO = NO;
				MTL_FAST_MATH = YES;
				PRODUCT_BUNDLE_IDENTIFIER = com.slaunchaman.Orchard;
				PRODUCT_NAME = "$(TARGET_NAME:c99extidentifier)";
				SDKROOT = iphoneos;
				SKIP_INSTALL = YES;
				SWIFT_COMPILATION_MODE = wholemodule;
				SWIFT_OPTIMIZATION_LEVEL = "-O";
				SWIFT_VERSION = 4.2;
				TARGETED_DEVICE_FAMILY = "1,2";
				VALIDATE_PRODUCT = YES;
				VERSIONING_SYSTEM = "apple-generic";
				VERSION_INFO_PREFIX = "";
			};
			name = Release;
		};
		1F9B8A9E20FD857A0039D518 /* Debug */ = {
			isa = XCBuildConfiguration;
			buildSettings = {
				ALWAYS_EMBED_SWIFT_STANDARD_LIBRARIES = YES;
				ALWAYS_SEARCH_USER_PATHS = NO;
				CLANG_ANALYZER_NONNULL = YES;
				CLANG_ANALYZER_NUMBER_OBJECT_CONVERSION = YES_AGGRESSIVE;
				CLANG_CXX_LANGUAGE_STANDARD = "gnu++14";
				CLANG_CXX_LIBRARY = "libc++";
				CLANG_ENABLE_MODULES = YES;
				CLANG_ENABLE_OBJC_ARC = YES;
				CLANG_ENABLE_OBJC_WEAK = YES;
				CLANG_WARN_BLOCK_CAPTURE_AUTORELEASING = YES;
				CLANG_WARN_BOOL_CONVERSION = YES;
				CLANG_WARN_COMMA = YES;
				CLANG_WARN_CONSTANT_CONVERSION = YES;
				CLANG_WARN_DEPRECATED_OBJC_IMPLEMENTATIONS = YES;
				CLANG_WARN_DIRECT_OBJC_ISA_USAGE = YES_ERROR;
				CLANG_WARN_DOCUMENTATION_COMMENTS = YES;
				CLANG_WARN_EMPTY_BODY = YES;
				CLANG_WARN_ENUM_CONVERSION = YES;
				CLANG_WARN_INFINITE_RECURSION = YES;
				CLANG_WARN_INT_CONVERSION = YES;
				CLANG_WARN_NON_LITERAL_NULL_CONVERSION = YES;
				CLANG_WARN_OBJC_IMPLICIT_RETAIN_SELF = YES;
				CLANG_WARN_OBJC_LITERAL_CONVERSION = YES;
				CLANG_WARN_OBJC_ROOT_CLASS = YES_ERROR;
				CLANG_WARN_RANGE_LOOP_ANALYSIS = YES;
				CLANG_WARN_STRICT_PROTOTYPES = YES;
				CLANG_WARN_SUSPICIOUS_MOVE = YES;
				CLANG_WARN_UNGUARDED_AVAILABILITY = YES_AGGRESSIVE;
				CLANG_WARN_UNREACHABLE_CODE = YES;
				CLANG_WARN__DUPLICATE_METHOD_MATCH = YES;
				CODE_SIGN_IDENTITY = "iPhone Developer";
				CODE_SIGN_STYLE = Automatic;
				COPY_PHASE_STRIP = NO;
				DEBUG_INFORMATION_FORMAT = dwarf;
				DEVELOPMENT_TEAM = UCFNS9576M;
				ENABLE_STRICT_OBJC_MSGSEND = YES;
				ENABLE_TESTABILITY = YES;
				GCC_C_LANGUAGE_STANDARD = gnu11;
				GCC_DYNAMIC_NO_PIC = NO;
				GCC_NO_COMMON_BLOCKS = YES;
				GCC_OPTIMIZATION_LEVEL = 0;
				GCC_PREPROCESSOR_DEFINITIONS = (
					"DEBUG=1",
					"$(inherited)",
				);
				GCC_WARN_64_TO_32_BIT_CONVERSION = YES;
				GCC_WARN_ABOUT_RETURN_TYPE = YES_ERROR;
				GCC_WARN_UNDECLARED_SELECTOR = YES;
				GCC_WARN_UNINITIALIZED_AUTOS = YES_AGGRESSIVE;
				GCC_WARN_UNUSED_FUNCTION = YES;
				GCC_WARN_UNUSED_VARIABLE = YES;
				INFOPLIST_FILE = OrchardTests/Info.plist;
				IPHONEOS_DEPLOYMENT_TARGET = 12.0;
				LD_RUNPATH_SEARCH_PATHS = "$(inherited) @executable_path/Frameworks @loader_path/Frameworks";
				MTL_ENABLE_DEBUG_INFO = INCLUDE_SOURCE;
				MTL_FAST_MATH = YES;
				ONLY_ACTIVE_ARCH = YES;
				PRODUCT_BUNDLE_IDENTIFIER = com.slaunchaman.OrchardTests;
				PRODUCT_NAME = "$(TARGET_NAME)";
				SDKROOT = iphoneos;
				SWIFT_ACTIVE_COMPILATION_CONDITIONS = DEBUG;
				SWIFT_OPTIMIZATION_LEVEL = "-Onone";
				SWIFT_VERSION = 4.2;
				TARGETED_DEVICE_FAMILY = "1,2";
			};
			name = Debug;
		};
		1F9B8A9F20FD857A0039D518 /* Release */ = {
			isa = XCBuildConfiguration;
			buildSettings = {
				ALWAYS_EMBED_SWIFT_STANDARD_LIBRARIES = YES;
				ALWAYS_SEARCH_USER_PATHS = NO;
				CLANG_ANALYZER_NONNULL = YES;
				CLANG_ANALYZER_NUMBER_OBJECT_CONVERSION = YES_AGGRESSIVE;
				CLANG_CXX_LANGUAGE_STANDARD = "gnu++14";
				CLANG_CXX_LIBRARY = "libc++";
				CLANG_ENABLE_MODULES = YES;
				CLANG_ENABLE_OBJC_ARC = YES;
				CLANG_ENABLE_OBJC_WEAK = YES;
				CLANG_WARN_BLOCK_CAPTURE_AUTORELEASING = YES;
				CLANG_WARN_BOOL_CONVERSION = YES;
				CLANG_WARN_COMMA = YES;
				CLANG_WARN_CONSTANT_CONVERSION = YES;
				CLANG_WARN_DEPRECATED_OBJC_IMPLEMENTATIONS = YES;
				CLANG_WARN_DIRECT_OBJC_ISA_USAGE = YES_ERROR;
				CLANG_WARN_DOCUMENTATION_COMMENTS = YES;
				CLANG_WARN_EMPTY_BODY = YES;
				CLANG_WARN_ENUM_CONVERSION = YES;
				CLANG_WARN_INFINITE_RECURSION = YES;
				CLANG_WARN_INT_CONVERSION = YES;
				CLANG_WARN_NON_LITERAL_NULL_CONVERSION = YES;
				CLANG_WARN_OBJC_IMPLICIT_RETAIN_SELF = YES;
				CLANG_WARN_OBJC_LITERAL_CONVERSION = YES;
				CLANG_WARN_OBJC_ROOT_CLASS = YES_ERROR;
				CLANG_WARN_RANGE_LOOP_ANALYSIS = YES;
				CLANG_WARN_STRICT_PROTOTYPES = YES;
				CLANG_WARN_SUSPICIOUS_MOVE = YES;
				CLANG_WARN_UNGUARDED_AVAILABILITY = YES_AGGRESSIVE;
				CLANG_WARN_UNREACHABLE_CODE = YES;
				CLANG_WARN__DUPLICATE_METHOD_MATCH = YES;
				CODE_SIGN_IDENTITY = "iPhone Developer";
				CODE_SIGN_STYLE = Automatic;
				COPY_PHASE_STRIP = NO;
				DEBUG_INFORMATION_FORMAT = "dwarf-with-dsym";
				DEVELOPMENT_TEAM = UCFNS9576M;
				ENABLE_NS_ASSERTIONS = NO;
				ENABLE_STRICT_OBJC_MSGSEND = YES;
				GCC_C_LANGUAGE_STANDARD = gnu11;
				GCC_NO_COMMON_BLOCKS = YES;
				GCC_WARN_64_TO_32_BIT_CONVERSION = YES;
				GCC_WARN_ABOUT_RETURN_TYPE = YES_ERROR;
				GCC_WARN_UNDECLARED_SELECTOR = YES;
				GCC_WARN_UNINITIALIZED_AUTOS = YES_AGGRESSIVE;
				GCC_WARN_UNUSED_FUNCTION = YES;
				GCC_WARN_UNUSED_VARIABLE = YES;
				INFOPLIST_FILE = OrchardTests/Info.plist;
				IPHONEOS_DEPLOYMENT_TARGET = 12.0;
				LD_RUNPATH_SEARCH_PATHS = "$(inherited) @executable_path/Frameworks @loader_path/Frameworks";
				MTL_ENABLE_DEBUG_INFO = NO;
				MTL_FAST_MATH = YES;
				PRODUCT_BUNDLE_IDENTIFIER = com.slaunchaman.OrchardTests;
				PRODUCT_NAME = "$(TARGET_NAME)";
				SDKROOT = iphoneos;
				SWIFT_COMPILATION_MODE = wholemodule;
				SWIFT_OPTIMIZATION_LEVEL = "-O";
				SWIFT_VERSION = 4.2;
				TARGETED_DEVICE_FAMILY = "1,2";
				VALIDATE_PRODUCT = YES;
			};
			name = Release;
		};
/* End XCBuildConfiguration section */

/* Begin XCConfigurationList section */
		1F9B8A4C20FD80600039D518 /* Build configuration list for PBXProject "Orchard" */ = {
			isa = XCConfigurationList;
			buildConfigurations = (
				1F9B8A4D20FD80600039D518 /* Debug */,
				1F9B8A4E20FD80600039D518 /* Release */,
			);
			defaultConfigurationIsVisible = 0;
			defaultConfigurationName = Release;
		};
		1F9B8AA020FD857A0039D518 /* Build configuration list for PBXNativeTarget "Orchard" */ = {
			isa = XCConfigurationList;
			buildConfigurations = (
				1F9B8A9C20FD857A0039D518 /* Debug */,
				1F9B8A9D20FD857A0039D518 /* Release */,
			);
			defaultConfigurationIsVisible = 0;
			defaultConfigurationName = Release;
		};
		1F9B8AA120FD857A0039D518 /* Build configuration list for PBXNativeTarget "OrchardTests" */ = {
			isa = XCConfigurationList;
			buildConfigurations = (
				1F9B8A9E20FD857A0039D518 /* Debug */,
				1F9B8A9F20FD857A0039D518 /* Release */,
			);
			defaultConfigurationIsVisible = 0;
			defaultConfigurationName = Release;
		};
/* End XCConfigurationList section */
	};
	rootObject = 1F9B8A4920FD80600039D518 /* Project object */;
}
